
Microsoft Visual Studio Solution File, Format Version 12.00
# Visual Studio Version 17
VisualStudioVersion = 17.4.33205.214
MinimumVisualStudioVersion = 10.0.40219.1
Project("{9A19103F-16F7-4668-BE54-9A1E7A4F7556}") = "Battler", "Battler\Battler.csproj", "{C73EDC61-1C3D-477D-B978-404C5C927BF4}"
EndProject
Project("{FAE04EC0-301F-11D3-BF4B-00C04F79EFBC}") = "Api", "Api\Api.csproj", "{93E124D1-D041-4583-8AC7-E534D60B88CD}"
EndProject
Project("{FAE04EC0-301F-11D3-BF4B-00C04F79EFBC}") = "Webmaster", "Webmaster\Webmaster.csproj", "{3844B6C6-6DCB-4DD6-8F33-7C8ABF02ADED}"
EndProject
Global
	GlobalSection(SolutionConfigurationPlatforms) = preSolution
		Debug|Any CPU = Debug|Any CPU
		Release|Any CPU = Release|Any CPU
	EndGlobalSection
	GlobalSection(ProjectConfigurationPlatforms) = postSolution
		{C73EDC61-1C3D-477D-B978-404C5C927BF4}.Debug|Any CPU.ActiveCfg = Debug|Any CPU
		{C73EDC61-1C3D-477D-B978-404C5C927BF4}.Debug|Any CPU.Build.0 = Debug|Any CPU
		{C73EDC61-1C3D-477D-B978-404C5C927BF4}.Release|Any CPU.ActiveCfg = Release|Any CPU
		{C73EDC61-1C3D-477D-B978-404C5C927BF4}.Release|Any CPU.Build.0 = Release|Any CPU
		{93E124D1-D041-4583-8AC7-E534D60B88CD}.Debug|Any CPU.ActiveCfg = Debug|Any CPU
		{93E124D1-D041-4583-8AC7-E534D60B88CD}.Debug|Any CPU.Build.0 = Debug|Any CPU
		{93E124D1-D041-4583-8AC7-E534D60B88CD}.Release|Any CPU.ActiveCfg = Release|Any CPU
		{93E124D1-D041-4583-8AC7-E534D60B88CD}.Release|Any CPU.Build.0 = Release|Any CPU
		{3844B6C6-6DCB-4DD6-8F33-7C8ABF02ADED}.Debug|Any CPU.ActiveCfg = Debug|Any CPU
		{3844B6C6-6DCB-4DD6-8F33-7C8ABF02ADED}.Debug|Any CPU.Build.0 = Debug|Any CPU
		{3844B6C6-6DCB-4DD6-8F33-7C8ABF02ADED}.Release|Any CPU.ActiveCfg = Release|Any CPU
		{3844B6C6-6DCB-4DD6-8F33-7C8ABF02ADED}.Release|Any CPU.Build.0 = Release|Any CPU
	EndGlobalSection
	GlobalSection(SolutionProperties) = preSolution
		HideSolutionNode = FALSE
	EndGlobalSection
	GlobalSection(ExtensibilityGlobals) = postSolution
		SolutionGuid = {F7C92844-D472-4DF1-99B9-EF0325BEDDB1}
	EndGlobalSection
EndGlobal
